
Microsoft Visual Studio Solution File, Format Version 12.00
# Visual Studio Version 17
VisualStudioVersion = 17.0.31903.59
MinimumVisualStudioVersion = 10.0.40219.1
Project("{9A19103F-16F7-4668-BE54-9A1E7A4F7556}") = "MainApp", "MainApp\MainApp.csproj", "{C96363A9-069D-4A31-BBCA-8053F8A6F677}"
EndProject
Project("{9A19103F-16F7-4668-BE54-9A1E7A4F7556}") = "Infrastructure", "Infrastructure\Infrastructure.csproj", "{6301EE57-44B9-43DB-ABA0-90919A0143A7}"
	ProjectSection(ProjectDependencies) = postProject
		{5806B6B9-DF5F-4BE8-AB7C-2880338F3F58} = {5806B6B9-DF5F-4BE8-AB7C-2880338F3F58}
	EndProjectSection
EndProject
Project("{9A19103F-16F7-4668-BE54-9A1E7A4F7556}") = "Domain", "Domain\Domain.csproj", "{5806B6B9-DF5F-4BE8-AB7C-2880338F3F58}"
EndProject
Global
	GlobalSection(SolutionConfigurationPlatforms) = preSolution
		Debug|Any CPU = Debug|Any CPU
		Release|Any CPU = Release|Any CPU
	EndGlobalSection
	GlobalSection(ProjectConfigurationPlatforms) = postSolution
		{C96363A9-069D-4A31-BBCA-8053F8A6F677}.Debug|Any CPU.ActiveCfg = Debug|Any CPU
		{C96363A9-069D-4A31-BBCA-8053F8A6F677}.Debug|Any CPU.Build.0 = Debug|Any CPU
		{C96363A9-069D-4A31-BBCA-8053F8A6F677}.Release|Any CPU.ActiveCfg = Release|Any CPU
		{C96363A9-069D-4A31-BBCA-8053F8A6F677}.Release|Any CPU.Build.0 = Release|Any CPU
		{6301EE57-44B9-43DB-ABA0-90919A0143A7}.Debug|Any CPU.ActiveCfg = Debug|Any CPU
		{6301EE57-44B9-43DB-ABA0-90919A0143A7}.Debug|Any CPU.Build.0 = Debug|Any CPU
		{6301EE57-44B9-43DB-ABA0-90919A0143A7}.Release|Any CPU.ActiveCfg = Release|Any CPU
		{6301EE57-44B9-43DB-ABA0-90919A0143A7}.Release|Any CPU.Build.0 = Release|Any CPU
		{5806B6B9-DF5F-4BE8-AB7C-2880338F3F58}.Debug|Any CPU.ActiveCfg = Debug|Any CPU
		{5806B6B9-DF5F-4BE8-AB7C-2880338F3F58}.Debug|Any CPU.Build.0 = Debug|Any CPU
		{5806B6B9-DF5F-4BE8-AB7C-2880338F3F58}.Release|Any CPU.ActiveCfg = Release|Any CPU
		{5806B6B9-DF5F-4BE8-AB7C-2880338F3F58}.Release|Any CPU.Build.0 = Release|Any CPU
	EndGlobalSection
	GlobalSection(SolutionProperties) = preSolution
		HideSolutionNode = FALSE
	EndGlobalSection
	GlobalSection(ExtensibilityGlobals) = postSolution
		SolutionGuid = {73BD1E8C-2AAE-405F-BCAC-3DD8EB7964D0}
	EndGlobalSection
EndGlobal
